
Microsoft Visual Studio Solution File, Format Version 12.00
# Visual Studio Version 17
VisualStudioVersion = 17.5.002.0
MinimumVisualStudioVersion = 10.0.40219.1
Project("{9A19103F-16F7-4668-BE54-9A1E7A4F7556}") = "IcesiMaxBack", "IcesiMaxBack.csproj", "{223583FA-7034-4F64-9E0D-6D734508809F}"
EndProject
Global
	GlobalSection(SolutionConfigurationPlatforms) = preSolution
		Debug|Any CPU = Debug|Any CPU
		Release|Any CPU = Release|Any CPU
	EndGlobalSection
	GlobalSection(ProjectConfigurationPlatforms) = postSolution
		{223583FA-7034-4F64-9E0D-6D734508809F}.Debug|Any CPU.ActiveCfg = Debug|Any CPU
		{223583FA-7034-4F64-9E0D-6D734508809F}.Debug|Any CPU.Build.0 = Debug|Any CPU
		{223583FA-7034-4F64-9E0D-6D734508809F}.Release|Any CPU.ActiveCfg = Release|Any CPU
		{223583FA-7034-4F64-9E0D-6D734508809F}.Release|Any CPU.Build.0 = Release|Any CPU
	EndGlobalSection
	GlobalSection(SolutionProperties) = preSolution
		HideSolutionNode = FALSE
	EndGlobalSection
	GlobalSection(ExtensibilityGlobals) = postSolution
		SolutionGuid = {9A4ECF29-4AE0-4142-B8F4-1B92E81C86FC}
	EndGlobalSection
EndGlobal
